
Microsoft Visual Studio Solution File, Format Version 12.00
# Visual Studio 15
VisualStudioVersion = 15.0.28306.52
MinimumVisualStudioVersion = 10.0.40219.1
Project("{FAE04EC0-301F-11D3-BF4B-00C04F79EFBC}") = "GoAhead", "GoAhead\GoAhead.csproj", "{BA28C778-9369-4C08-84FB-AB162AFEF00B}"
EndProject
Project("{2150E333-8FDC-42A3-9474-1A3956D46DE8}") = "Solution Items", "Solution Items", "{14EFF410-4E56-4F7C-8966-5AAF953AAE0E}"
	ProjectSection(SolutionItems) = preProject
		GoAhead.vsmdi = GoAhead.vsmdi
		Local.testsettings = Local.testsettings
		TraceAndTestImpact.testsettings = TraceAndTestImpact.testsettings
	EndProjectSection
EndProject
Global
	GlobalSection(SolutionConfigurationPlatforms) = preSolution
		Debug|Any CPU = Debug|Any CPU
		Debug|x64 = Debug|x64
		Debug|x86 = Debug|x86
		Release|Any CPU = Release|Any CPU
		Release|x64 = Release|x64
		Release|x86 = Release|x86
	EndGlobalSection
	GlobalSection(ProjectConfigurationPlatforms) = postSolution
		{BA28C778-9369-4C08-84FB-AB162AFEF00B}.Debug|Any CPU.ActiveCfg = Debug|Any CPU
		{BA28C778-9369-4C08-84FB-AB162AFEF00B}.Debug|Any CPU.Build.0 = Debug|Any CPU
		{BA28C778-9369-4C08-84FB-AB162AFEF00B}.Debug|x64.ActiveCfg = Debug|Any CPU
		{BA28C778-9369-4C08-84FB-AB162AFEF00B}.Debug|x64.Build.0 = Debug|Any CPU
		{BA28C778-9369-4C08-84FB-AB162AFEF00B}.Debug|x86.ActiveCfg = Debug|x86
		{BA28C778-9369-4C08-84FB-AB162AFEF00B}.Debug|x86.Build.0 = Debug|x86
		{BA28C778-9369-4C08-84FB-AB162AFEF00B}.Release|Any CPU.ActiveCfg = Release|Any CPU
		{BA28C778-9369-4C08-84FB-AB162AFEF00B}.Release|Any CPU.Build.0 = Release|Any CPU
		{BA28C778-9369-4C08-84FB-AB162AFEF00B}.Release|x64.ActiveCfg = Release|Any CPU
		{BA28C778-9369-4C08-84FB-AB162AFEF00B}.Release|x64.Build.0 = Release|Any CPU
		{BA28C778-9369-4C08-84FB-AB162AFEF00B}.Release|x86.ActiveCfg = Release|x86
		{BA28C778-9369-4C08-84FB-AB162AFEF00B}.Release|x86.Build.0 = Release|x86
	EndGlobalSection
	GlobalSection(SolutionProperties) = preSolution
		HideSolutionNode = FALSE
	EndGlobalSection
	GlobalSection(ExtensibilityGlobals) = postSolution
		SolutionGuid = {F046AB65-9DD2-4332-B40B-F90F8D63D5E4}
	EndGlobalSection
	GlobalSection(TestCaseManagementSettings) = postSolution
		CategoryFile = GoAhead.vsmdi
	EndGlobalSection
EndGlobal
